
Microsoft Visual Studio Solution File, Format Version 12.00
# Visual Studio Version 17
VisualStudioVersion = 17.0.32014.148
MinimumVisualStudioVersion = 10.0.40219.1
Project("{9A19103F-16F7-4668-BE54-9A1E7A4F7556}") = "TimeUtil", "TimeUtil\TimeUtil.csproj", "{5DBC28B2-D375-4B9E-870A-336788BB9307}"
EndProject
Project("{9A19103F-16F7-4668-BE54-9A1E7A4F7556}") = "TimeUtil.BussinesLogic", "BussinesLogic\TimeUtil.BussinesLogic.csproj", "{E7AA18E4-DCE9-4618-AAF1-E9AD6B56D32E}"
EndProject
Project("{9A19103F-16F7-4668-BE54-9A1E7A4F7556}") = "TimeUtil.BlazorWasmClient", "TimeUtil.BlazorWasmClient\TimeUtil.BlazorWasmClient.csproj", "{1EE1B6CF-83AA-4618-B679-42D1AF57B0B6}"
EndProject
Project("{9A19103F-16F7-4668-BE54-9A1E7A4F7556}") = "TimeUtil.Components", "TimeUtil.components\TimeUtil.Components.csproj", "{8E28B2FB-03C0-4180-95E9-8813C848E2BF}"
EndProject
Project("{2150E333-8FDC-42A3-9474-1A3956D46DE8}") = "UI", "UI", "{89E1AD30-E550-4A1A-9670-EB3D3145752E}"
EndProject
Project("{9A19103F-16F7-4668-BE54-9A1E7A4F7556}") = "TimeUtil.Server", "TimeUtil.Server\TimeUtil.Server.csproj", "{D9876BA9-3961-454A-963E-3A07357E1293}"
EndProject
Project("{9A19103F-16F7-4668-BE54-9A1E7A4F7556}") = "TimeUtil.Shared", "TimeUtil.Shared\TimeUtil.Shared.csproj", "{BB2DE9F6-3400-4DC4-9E5C-02AD8F979EE3}"
EndProject
Project("{9A19103F-16F7-4668-BE54-9A1E7A4F7556}") = "TimeUtil.MauiBlazor", "TimeUtil.MauiBlazor\TimeUtil.MauiBlazor.csproj", "{A60D432C-2567-44BD-B694-B62CA21FBC01}"
EndProject
Global
	GlobalSection(SolutionConfigurationPlatforms) = preSolution
		Debug|Any CPU = Debug|Any CPU
		Release|Any CPU = Release|Any CPU
	EndGlobalSection
	GlobalSection(ProjectConfigurationPlatforms) = postSolution
		{5DBC28B2-D375-4B9E-870A-336788BB9307}.Debug|Any CPU.ActiveCfg = Debug|Any CPU
		{5DBC28B2-D375-4B9E-870A-336788BB9307}.Debug|Any CPU.Build.0 = Debug|Any CPU
		{5DBC28B2-D375-4B9E-870A-336788BB9307}.Release|Any CPU.ActiveCfg = Release|Any CPU
		{5DBC28B2-D375-4B9E-870A-336788BB9307}.Release|Any CPU.Build.0 = Release|Any CPU
		{E7AA18E4-DCE9-4618-AAF1-E9AD6B56D32E}.Debug|Any CPU.ActiveCfg = Debug|Any CPU
		{E7AA18E4-DCE9-4618-AAF1-E9AD6B56D32E}.Debug|Any CPU.Build.0 = Debug|Any CPU
		{E7AA18E4-DCE9-4618-AAF1-E9AD6B56D32E}.Release|Any CPU.ActiveCfg = Release|Any CPU
		{E7AA18E4-DCE9-4618-AAF1-E9AD6B56D32E}.Release|Any CPU.Build.0 = Release|Any CPU
		{1EE1B6CF-83AA-4618-B679-42D1AF57B0B6}.Debug|Any CPU.ActiveCfg = Debug|Any CPU
		{1EE1B6CF-83AA-4618-B679-42D1AF57B0B6}.Debug|Any CPU.Build.0 = Debug|Any CPU
		{1EE1B6CF-83AA-4618-B679-42D1AF57B0B6}.Release|Any CPU.ActiveCfg = Release|Any CPU
		{1EE1B6CF-83AA-4618-B679-42D1AF57B0B6}.Release|Any CPU.Build.0 = Release|Any CPU
		{8E28B2FB-03C0-4180-95E9-8813C848E2BF}.Debug|Any CPU.ActiveCfg = Debug|Any CPU
		{8E28B2FB-03C0-4180-95E9-8813C848E2BF}.Debug|Any CPU.Build.0 = Debug|Any CPU
		{8E28B2FB-03C0-4180-95E9-8813C848E2BF}.Release|Any CPU.ActiveCfg = Release|Any CPU
		{8E28B2FB-03C0-4180-95E9-8813C848E2BF}.Release|Any CPU.Build.0 = Release|Any CPU
		{D9876BA9-3961-454A-963E-3A07357E1293}.Debug|Any CPU.ActiveCfg = Debug|Any CPU
		{D9876BA9-3961-454A-963E-3A07357E1293}.Debug|Any CPU.Build.0 = Debug|Any CPU
		{D9876BA9-3961-454A-963E-3A07357E1293}.Release|Any CPU.ActiveCfg = Release|Any CPU
		{D9876BA9-3961-454A-963E-3A07357E1293}.Release|Any CPU.Build.0 = Release|Any CPU
		{BB2DE9F6-3400-4DC4-9E5C-02AD8F979EE3}.Debug|Any CPU.ActiveCfg = Debug|Any CPU
		{BB2DE9F6-3400-4DC4-9E5C-02AD8F979EE3}.Debug|Any CPU.Build.0 = Debug|Any CPU
		{BB2DE9F6-3400-4DC4-9E5C-02AD8F979EE3}.Release|Any CPU.ActiveCfg = Release|Any CPU
		{BB2DE9F6-3400-4DC4-9E5C-02AD8F979EE3}.Release|Any CPU.Build.0 = Release|Any CPU
		{A60D432C-2567-44BD-B694-B62CA21FBC01}.Debug|Any CPU.ActiveCfg = Debug|Any CPU
		{A60D432C-2567-44BD-B694-B62CA21FBC01}.Debug|Any CPU.Build.0 = Debug|Any CPU
		{A60D432C-2567-44BD-B694-B62CA21FBC01}.Debug|Any CPU.Deploy.0 = Debug|Any CPU
		{A60D432C-2567-44BD-B694-B62CA21FBC01}.Release|Any CPU.ActiveCfg = Release|Any CPU
		{A60D432C-2567-44BD-B694-B62CA21FBC01}.Release|Any CPU.Build.0 = Release|Any CPU
		{A60D432C-2567-44BD-B694-B62CA21FBC01}.Release|Any CPU.Deploy.0 = Release|Any CPU
	EndGlobalSection
	GlobalSection(SolutionProperties) = preSolution
		HideSolutionNode = FALSE
	EndGlobalSection
	GlobalSection(NestedProjects) = preSolution
		{1EE1B6CF-83AA-4618-B679-42D1AF57B0B6} = {89E1AD30-E550-4A1A-9670-EB3D3145752E}
		{8E28B2FB-03C0-4180-95E9-8813C848E2BF} = {89E1AD30-E550-4A1A-9670-EB3D3145752E}
		{A60D432C-2567-44BD-B694-B62CA21FBC01} = {89E1AD30-E550-4A1A-9670-EB3D3145752E}
	EndGlobalSection
	GlobalSection(ExtensibilityGlobals) = postSolution
		SolutionGuid = {467DDF96-4E9D-4DDB-B379-CA255D44B64B}
	EndGlobalSection
EndGlobal
